<?xml version="1.0" encoding="utf-8"?>
<Project ToolsVersion="4.0" xmlns="http://schemas.microsoft.com/developer/msbuild/2003">
  <ItemGroup>
    <ClInclude Include="worker\include\Channel\UnixStreamSocket.h" />
    <ClInclude Include="worker\include\handles\SignalsHandler.h" />
    <ClInclude Include="worker\include\handles\TCPConnection.h" />
    <ClInclude Include="worker\include\handles\TCPServer.h" />
    <ClInclude Include="worker\include\handles\Timer.h" />
    <ClInclude Include="worker\include\handles\UDPSocket.h" />
    <ClInclude Include="worker\include\handles\UnixStreamSocket.h" />
    <ClInclude Include="worker\include\RTC\DTLSHandler.h" />
    <ClInclude Include="worker\include\RTC\DTLSRole.h" />
    <ClInclude Include="worker\include\RTC\FingerprintHash.h" />
    <ClInclude Include="worker\include\RTC\ICEServer.h" />
    <ClInclude Include="worker\include\RTC\Peer.h" />
    <ClInclude Include="worker\include\RTC\Room.h" />
    <ClInclude Include="worker\include\RTC\RTCPPacket.h" />
    <ClInclude Include="worker\include\RTC\RTPPacket.h" />
    <ClInclude Include="worker\include\RTC\SRTPProfile.h" />
    <ClInclude Include="worker\include\RTC\SRTPSession.h" />
    <ClInclude Include="worker\include\RTC\Stream.h" />
    <ClInclude Include="worker\include\RTC\STUNMessage.h" />
    <ClInclude Include="worker\include\RTC\TCPConnection.h" />
    <ClInclude Include="worker\include\RTC\TCPServer.h" />
    <ClInclude Include="worker\include\RTC\Transport.h" />
    <ClInclude Include="worker\include\RTC\TransportSource.h" />
    <ClInclude Include="worker\include\RTC\UDPSocket.h" />
    <ClInclude Include="worker\include\common.h" />
    <ClInclude Include="worker\include\DepLibSRTP.h" />
    <ClInclude Include="worker\include\DepLibUV.h" />
    <ClInclude Include="worker\include\DepOpenSSL.h" />
    <ClInclude Include="worker\include\DepUsrSCTP.h" />
    <ClInclude Include="worker\include\Logger.h" />
    <ClInclude Include="worker\include\Loop.h" />
    <ClInclude Include="worker\include\MediaSoupError.h" />
    <ClInclude Include="worker\include\Settings.h" />
    <ClInclude Include="worker\include\Utils.h" />
  </ItemGroup>
  <ItemGroup>
    <ClCompile Include="worker\src\Channel\UnixStreamSocket.cpp" />
    <ClCompile Include="worker\src\handles\SignalsHandler.cpp" />
    <ClCompile Include="worker\src\handles\TCPConnection.cpp" />
    <ClCompile Include="worker\src\handles\TCPServer.cpp" />
    <ClCompile Include="worker\src\handles\Timer.cpp" />
    <ClCompile Include="worker\src\handles\UDPSocket.cpp" />
    <ClCompile Include="worker\src\handles\UnixStreamSocket.cpp" />
    <ClCompile Include="worker\src\RTC\DTLSHandler.cpp" />
    <ClCompile Include="worker\src\RTC\ICEServer.cpp" />
    <ClCompile Include="worker\src\RTC\Peer.cpp" />
    <ClCompile Include="worker\src\RTC\Room.cpp" />
    <ClCompile Include="worker\src\RTC\RTCPPacket.cpp" />
    <ClCompile Include="worker\src\RTC\RTPPacket.cpp" />
    <ClCompile Include="worker\src\RTC\SRTPSession.cpp" />
    <ClCompile Include="worker\src\RTC\Stream.cpp" />
    <ClCompile Include="worker\src\RTC\STUNMessage.cpp" />
    <ClCompile Include="worker\src\RTC\TCPConnection.cpp" />
    <ClCompile Include="worker\src\RTC\TCPServer.cpp" />
    <ClCompile Include="worker\src\RTC\Transport.cpp" />
    <ClCompile Include="worker\src\RTC\TransportSource.cpp" />
    <ClCompile Include="worker\src\RTC\UDPSocket.cpp" />
    <ClCompile Include="worker\src\Utils\Crypto.cpp" />
    <ClCompile Include="worker\src\Utils\File.cpp" />
    <ClCompile Include="worker\src\Utils\IP.cpp" />
    <ClCompile Include="worker\src\Utils\Socket.cpp" />
    <ClCompile Include="worker\src\DepLibSRTP.cpp" />
    <ClCompile Include="worker\src\DepLibUV.cpp" />
    <ClCompile Include="worker\src\DepOpenSSL.cpp" />
    <ClCompile Include="worker\src\DepUsrSCTP.cpp" />
    <ClCompile Include="worker\src\Logger.cpp" />
    <ClCompile Include="worker\src\Loop.cpp" />
    <ClCompile Include="worker\src\main.cpp" />
    <ClCompile Include="worker\src\Settings.cpp" />
  </ItemGroup>
  <ItemGroup>
    <None Include="Makefile" />
  </ItemGroup>
</Project>